
Microsoft Visual Studio Solution File, Format Version 12.00
# Visual Studio Version 17
VisualStudioVersion = 17.13.35828.75 d17.13
MinimumVisualStudioVersion = 10.0.40219.1
Project("{FAE04EC0-301F-11D3-BF4B-00C04F79EFBC}") = "AnneesBissextiles", "AnneesBissextiles\AnneesBissextiles.csproj", "{64D1DDA1-06BF-44C3-94E2-D4D855C8DF2A}"
EndProject
Global
	GlobalSection(SolutionConfigurationPlatforms) = preSolution
		Debug|Any CPU = Debug|Any CPU
		Release|Any CPU = Release|Any CPU
	EndGlobalSection
	GlobalSection(ProjectConfigurationPlatforms) = postSolution
		{64D1DDA1-06BF-44C3-94E2-D4D855C8DF2A}.Debug|Any CPU.ActiveCfg = Debug|Any CPU
		{64D1DDA1-06BF-44C3-94E2-D4D855C8DF2A}.Debug|Any CPU.Build.0 = Debug|Any CPU
		{64D1DDA1-06BF-44C3-94E2-D4D855C8DF2A}.Release|Any CPU.ActiveCfg = Release|Any CPU
		{64D1DDA1-06BF-44C3-94E2-D4D855C8DF2A}.Release|Any CPU.Build.0 = Release|Any CPU
	EndGlobalSection
	GlobalSection(SolutionProperties) = preSolution
		HideSolutionNode = FALSE
	EndGlobalSection
	GlobalSection(ExtensibilityGlobals) = postSolution
		SolutionGuid = {4ACDD3A1-61CD-475D-9766-5918BFAB345B}
	EndGlobalSection
EndGlobal
